# @generated by Move, please check-in and do not edit manually.

[move]
version = 3
manifest_digest = "6992C9CA76DC8C998CFB89F1E485BAA5E37DAC1756F18360F740B76EA1598545"
deps_digest = "F8BBB0CCB2491CA29A3DF03D6F92277A4F3574266507ACD77214D37ECA3F3082"
dependencies = [
  { id = "Sui", name = "Sui" },
]

[[move.package]]
id = "MoveStdlib"
source = { git = "https://github.com/MystenLabs/sui.git", rev = "testnet", subdir = "crates/sui-framework/packages/move-stdlib" }

[[move.package]]
id = "Sui"
source = { git = "https://github.com/MystenLabs/sui.git", rev = "testnet", subdir = "crates/sui-framework/packages/sui-framework" }

dependencies = [
  { id = "MoveStdlib", name = "MoveStdlib" },
]

[move.toolchain-version]
compiler-version = "1.58.2"
edition = "2024.beta"
flavor = "sui"

[env]

[env.testnet]
chain-id = "4c78adac"
original-published-id = "0x899c3fa6d4d44bd618e47707cac5030a10535da0483c2256660fef6bdf4cb657"
latest-published-id = "0x899c3fa6d4d44bd618e47707cac5030a10535da0483c2256660fef6bdf4cb657"
published-version = "1"
